# THIS IS AN AUTOGENERATED FILE. DO NOT EDIT THIS FILE DIRECTLY.
# yarn lockfile v1


jackson-js@^1.1.0:
  version "1.1.0"
  resolved "https://registry.yarnpkg.com/jackson-js/-/jackson-js-1.1.0.tgz#412b4b870d7c19f4126cd433d70606f835bda959"
  integrity sha512-EDKwt9U6dd/zNW/7p3VejSYUYgUkZ5c7v4gGAO7KhA1qLp6DXPpBjIx9ELI9LzQjpFtoL8g6CAQAhBuDmzkYMw==
  dependencies:
    lodash.clone "^4.5.0"
    lodash.clonedeep "^4.5.0"
    meriyah "^1.9.12"
    reflect-metadata "^0.1.13"

lodash.clone@^4.5.0:
  version "4.5.0"
  resolved "https://registry.yarnpkg.com/lodash.clone/-/lodash.clone-4.5.0.tgz#195870450f5a13192478df4bc3d23d2dea1907b6"
  integrity sha512-GhrVeweiTD6uTmmn5hV/lzgCQhccwReIVRLHp7LT4SopOjqEZ5BbX8b5WWEtAKasjmy8hR7ZPwsYlxRCku5odg==

lodash.clonedeep@^4.5.0:
  version "4.5.0"
  resolved "https://registry.yarnpkg.com/lodash.clonedeep/-/lodash.clonedeep-4.5.0.tgz#e23f3f9c4f8fbdde872529c1071857a086e5ccef"
  integrity sha512-H5ZhCF25riFd9uB5UCkVKo61m3S/xZk1x4wA6yp/L3RFP6Z/eHH1ymQcGLo7J3GMPfm0V/7m1tryHuGVxpqEBQ==

meriyah@^1.9.12:
  version "1.9.15"
  resolved "https://registry.yarnpkg.com/meriyah/-/meriyah-1.9.15.tgz#85a8528c52d7a4bb95037fe5a44276a0f030d81e"
  integrity sha512-D4rT6XIYGqZab0EI/xbihUpwh0WbNRVQ35l2J/5QC2atxaI8h3KvA55DEJLBB/FRdaji7JwkNehfCRjCyjCjqw==

reflect-metadata@^0.1.13:
  version "0.1.13"
  resolved "https://registry.yarnpkg.com/reflect-metadata/-/reflect-metadata-0.1.13.tgz#67ae3ca57c972a2aa1642b10fe363fe32d49dc08"
  integrity sha512-Ts1Y/anZELhSsjMcU605fU9RE4Oi3p5ORujwbIKXfWa+0Zxs510Qrmrce5/Jowq3cHSZSJqBjypxmHarc+vEWg==
